
Microsoft Visual Studio Solution File, Format Version 12.00
# Visual Studio 14
VisualStudioVersion = 14.0.23107.0
MinimumVisualStudioVersion = 10.0.40219.1
Project("{2150E333-8FDC-42A3-9474-1A3956D46DE8}") = "src", "src", "{F3258FA4-45A1-4E32-AD91-274D6B49BB5B}"
EndProject
Project("{2150E333-8FDC-42A3-9474-1A3956D46DE8}") = "Solution Items", "Solution Items", "{0B251490-4C87-46E4-B08B-8DDDBD3B68DF}"
	ProjectSection(SolutionItems) = preProject
		global.json = global.json
	EndProjectSection
EndProject
Project("{8BB2217D-0F2D-49D1-97BC-3654ED321F3B}") = "ASPNET5SimpleApp", "src\ASPNET5SimpleApp\ASPNET5SimpleApp.xproj", "{1E9592AA-0BD7-4242-BAAA-CF935BFE65F7}"
EndProject
Global
	GlobalSection(SolutionConfigurationPlatforms) = preSolution
		Debug|Any CPU = Debug|Any CPU
		Release|Any CPU = Release|Any CPU
	EndGlobalSection
	GlobalSection(ProjectConfigurationPlatforms) = postSolution
		{1E9592AA-0BD7-4242-BAAA-CF935BFE65F7}.Debug|Any CPU.ActiveCfg = Debug|Any CPU
		{1E9592AA-0BD7-4242-BAAA-CF935BFE65F7}.Debug|Any CPU.Build.0 = Debug|Any CPU
		{1E9592AA-0BD7-4242-BAAA-CF935BFE65F7}.Release|Any CPU.ActiveCfg = Release|Any CPU
		{1E9592AA-0BD7-4242-BAAA-CF935BFE65F7}.Release|Any CPU.Build.0 = Release|Any CPU
	EndGlobalSection
	GlobalSection(SolutionProperties) = preSolution
		HideSolutionNode = FALSE
	EndGlobalSection
	GlobalSection(NestedProjects) = preSolution
		{1E9592AA-0BD7-4242-BAAA-CF935BFE65F7} = {F3258FA4-45A1-4E32-AD91-274D6B49BB5B}
	EndGlobalSection
EndGlobal
